// !$*UTF8*$!
{
	archiveVersion = 1;
	classes = {
	};
	objectVersion = 46;
	objects = {

/* Begin PBXBuildFile section */
		75F672C61E9F54E500DD31B5 /* main.m in Sources */ = {isa = PBXBuildFile; fileRef = 75F672C51E9F54E500DD31B5 /* main.m */; };
		75F672C91E9F54E500DD31B5 /* AppDelegate.m in Sources */ = {isa = PBXBuildFile; fileRef = 75F672C81E9F54E500DD31B5 /* AppDelegate.m */; };
		75F672CC1E9F54E500DD31B5 /* ViewController.m in Sources */ = {isa = PBXBuildFile; fileRef = 75F672CB1E9F54E500DD31B5 /* ViewController.m */; };
		75F672CF1E9F54E500DD31B5 /* Main.storyboard in Resources */ = {isa = PBXBuildFile; fileRef = 75F672CD1E9F54E500DD31B5 /* Main.storyboard */; };
		75F672D11E9F54E500DD31B5 /* Assets.xcassets in Resources */ = {isa = PBXBuildFile; fileRef = 75F672D01E9F54E500DD31B5 /* Assets.xcassets */; };
		75F672D41E9F54E500DD31B5 /* LaunchScreen.storyboard in Resources */ = {isa = PBXBuildFile; fileRef = 75F672D21E9F54E500DD31B5 /* LaunchScreen.storyboard */; };
		75F672DF1E9F54E500DD31B5 /* MMCrashDefendDemoTests.m in Sources */ = {isa = PBXBuildFile; fileRef = 75F672DE1E9F54E500DD31B5 /* MMCrashDefendDemoTests.m */; };
		75F672EA1E9F54E500DD31B5 /* MMCrashDefendDemoUITests.m in Sources */ = {isa = PBXBuildFile; fileRef = 75F672E91E9F54E500DD31B5 /* MMCrashDefendDemoUITests.m */; };
		75F672F91E9F54F400DD31B5 /* NSObject+CrashDefend.m in Sources */ = {isa = PBXBuildFile; fileRef = 75F672F81E9F54F400DD31B5 /* NSObject+CrashDefend.m */; };
/* End PBXBuildFile section */

/* Begin PBXContainerItemProxy section */
		75F672DB1E9F54E500DD31B5 /* PBXContainerItemProxy */ = {
			isa = PBXContainerItemProxy;
			containerPortal = 75F672B91E9F54E500DD31B5 /* Project object */;
			proxyType = 1;
			remoteGlobalIDString = 75F672C01E9F54E500DD31B5;
			remoteInfo = MMCrashDefendDemo;
		};
		75F672E61E9F54E500DD31B5 /* PBXContainerItemProxy */ = {
			isa = PBXContainerItemProxy;
			containerPortal = 75F672B91E9F54E500DD31B5 /* Project object */;
			proxyType = 1;
			remoteGlobalIDString = 75F672C01E9F54E500DD31B5;
			remoteInfo = MMCrashDefendDemo;
		};
/* End PBXContainerItemProxy section */

/* Begin PBXFileReference section */
		756568BE1EA9E8B700A80466 /* MMErrorMessageInformation.h */ = {isa = PBXFileReference; lastKnownFileType = sourcecode.c.h; path = MMErrorMessageInformation.h; sourceTree = "<group>"; };
		75F672C11E9F54E500DD31B5 /* MMCrashDefendDemo.app */ = {isa = PBXFileReference; explicitFileType = wrapper.application; includeInIndex = 0; path = MMCrashDefendDemo.app; sourceTree = BUILT_PRODUCTS_DIR; };
		75F672C51E9F54E500DD31B5 /* main.m */ = {isa = PBXFileReference; lastKnownFileType = sourcecode.c.objc; path = main.m; sourceTree = "<group>"; };
		75F672C71E9F54E500DD31B5 /* AppDelegate.h */ = {isa = PBXFileReference; lastKnownFileType = sourcecode.c.h; path = AppDelegate.h; sourceTree = "<group>"; };
		75F672C81E9F54E500DD31B5 /* AppDelegate.m */ = {isa = PBXFileReference; lastKnownFileType = sourcecode.c.objc; path = AppDelegate.m; sourceTree = "<group>"; };
		75F672CA1E9F54E500DD31B5 /* ViewController.h */ = {isa = PBXFileReference; lastKnownFileType = sourcecode.c.h; path = ViewController.h; sourceTree = "<group>"; };
		75F672CB1E9F54E500DD31B5 /* ViewController.m */ = {isa = PBXFileReference; lastKnownFileType = sourcecode.c.objc; path = ViewController.m; sourceTree = "<group>"; };
		75F672CE1E9F54E500DD31B5 /* Base */ = {isa = PBXFileReference; lastKnownFileType = file.storyboard; name = Base; path = Base.lproj/Main.storyboard; sourceTree = "<group>"; };
		75F672D01E9F54E500DD31B5 /* Assets.xcassets */ = {isa = PBXFileReference; lastKnownFileType = folder.assetcatalog; path = Assets.xcassets; sourceTree = "<group>"; };
		75F672D31E9F54E500DD31B5 /* Base */ = {isa = PBXFileReference; lastKnownFileType = file.storyboard; name = Base; path = Base.lproj/LaunchScreen.storyboard; sourceTree = "<group>"; };
		75F672D51E9F54E500DD31B5 /* Info.plist */ = {isa = PBXFileReference; lastKnownFileType = text.plist.xml; path = Info.plist; sourceTree = "<group>"; };
		75F672DA1E9F54E500DD31B5 /* MMCrashDefendDemoTests.xctest */ = {isa = PBXFileReference; explicitFileType = wrapper.cfbundle; includeInIndex = 0; path = MMCrashDefendDemoTests.xctest; sourceTree = BUILT_PRODUCTS_DIR; };
		75F672DE1E9F54E500DD31B5 /* MMCrashDefendDemoTests.m */ = {isa = PBXFileReference; lastKnownFileType = sourcecode.c.objc; name = MMCrashDefendDemoTests.m; path = MMCrashDefendDemoTests/MMCrashDefendDemoTests.m; sourceTree = SOURCE_ROOT; };
		75F672E01E9F54E500DD31B5 /* Info.plist */ = {isa = PBXFileReference; lastKnownFileType = text.plist.xml; path = Info.plist; sourceTree = "<group>"; };
		75F672E51E9F54E500DD31B5 /* MMCrashDefendDemoUITests.xctest */ = {isa = PBXFileReference; explicitFileType = wrapper.cfbundle; includeInIndex = 0; path = MMCrashDefendDemoUITests.xctest; sourceTree = BUILT_PRODUCTS_DIR; };
		75F672E91E9F54E500DD31B5 /* MMCrashDefendDemoUITests.m */ = {isa = PBXFileReference; lastKnownFileType = sourcecode.c.objc; path = MMCrashDefendDemoUITests.m; sourceTree = "<group>"; };
		75F672EB1E9F54E500DD31B5 /* Info.plist */ = {isa = PBXFileReference; lastKnownFileType = text.plist.xml; path = Info.plist; sourceTree = "<group>"; };
		75F672F71E9F54F400DD31B5 /* NSObject+CrashDefend.h */ = {isa = PBXFileReference; fileEncoding = 4; lastKnownFileType = sourcecode.c.h; path = "NSObject+CrashDefend.h"; sourceTree = "<group>"; };
		75F672F81E9F54F400DD31B5 /* NSObject+CrashDefend.m */ = {isa = PBXFileReference; fileEncoding = 4; lastKnownFileType = sourcecode.c.objc; path = "NSObject+CrashDefend.m"; sourceTree = "<group>"; };
/* End PBXFileReference section */

/* Begin PBXFrameworksBuildPhase section */
		75F672BE1E9F54E500DD31B5 /* Frameworks */ = {
			isa = PBXFrameworksBuildPhase;
			buildActionMask = 2147483647;
			files = (
			);
			runOnlyForDeploymentPostprocessing = 0;
		};
		75F672D71E9F54E500DD31B5 /* Frameworks */ = {
			isa = PBXFrameworksBuildPhase;
			buildActionMask = 2147483647;
			files = (
			);
			runOnlyForDeploymentPostprocessing = 0;
		};
		75F672E21E9F54E500DD31B5 /* Frameworks */ = {
			isa = PBXFrameworksBuildPhase;
			buildActionMask = 2147483647;
			files = (
			);
			runOnlyForDeploymentPostprocessing = 0;
		};
/* End PBXFrameworksBuildPhase section */

/* Begin PBXGroup section */
		75F672B81E9F54E500DD31B5 = {
			isa = PBXGroup;
			children = (
				75F672C31E9F54E500DD31B5 /* MMCrashDefendDemo */,
				75F672DD1E9F54E500DD31B5 /* MMCrashDefendDemoTests */,
				75F672E81E9F54E500DD31B5 /* MMCrashDefendDemoUITests */,
				75F672C21E9F54E500DD31B5 /* Products */,
			);
			sourceTree = "<group>";
		};
		75F672C21E9F54E500DD31B5 /* Products */ = {
			isa = PBXGroup;
			children = (
				75F672C11E9F54E500DD31B5 /* MMCrashDefendDemo.app */,
				75F672DA1E9F54E500DD31B5 /* MMCrashDefendDemoTests.xctest */,
				75F672E51E9F54E500DD31B5 /* MMCrashDefendDemoUITests.xctest */,
			);
			name = Products;
			sourceTree = "<group>";
		};
		75F672C31E9F54E500DD31B5 /* MMCrashDefendDemo */ = {
			isa = PBXGroup;
			children = (
				756568BE1EA9E8B700A80466 /* MMErrorMessageInformation.h */,
				75F672F71E9F54F400DD31B5 /* NSObject+CrashDefend.h */,
				75F672F81E9F54F400DD31B5 /* NSObject+CrashDefend.m */,
				75F672DE1E9F54E500DD31B5 /* MMCrashDefendDemoTests.m */,
				75F672C71E9F54E500DD31B5 /* AppDelegate.h */,
				75F672C81E9F54E500DD31B5 /* AppDelegate.m */,
				75F672CA1E9F54E500DD31B5 /* ViewController.h */,
				75F672CB1E9F54E500DD31B5 /* ViewController.m */,
				75F672CD1E9F54E500DD31B5 /* Main.storyboard */,
				75F672D01E9F54E500DD31B5 /* Assets.xcassets */,
				75F672D21E9F54E500DD31B5 /* LaunchScreen.storyboard */,
				75F672D51E9F54E500DD31B5 /* Info.plist */,
				75F672C41E9F54E500DD31B5 /* Supporting Files */,
			);
			path = MMCrashDefendDemo;
			sourceTree = "<group>";
		};
		75F672C41E9F54E500DD31B5 /* Supporting Files */ = {
			isa = PBXGroup;
			children = (
				75F672C51E9F54E500DD31B5 /* main.m */,
			);
			name = "Supporting Files";
			sourceTree = "<group>";
		};
		75F672DD1E9F54E500DD31B5 /* MMCrashDefendDemoTests */ = {
			isa = PBXGroup;
			children = (
				75F672E01E9F54E500DD31B5 /* Info.plist */,
			);
			path = MMCrashDefendDemoTests;
			sourceTree = "<group>";
		};
		75F672E81E9F54E500DD31B5 /* MMCrashDefendDemoUITests */ = {
			isa = PBXGroup;
			children = (
				75F672E91E9F54E500DD31B5 /* MMCrashDefendDemoUITests.m */,
				75F672EB1E9F54E500DD31B5 /* Info.plist */,
			);
			path = MMCrashDefendDemoUITests;
			sourceTree = "<group>";
		};
/* End PBXGroup section */

/* Begin PBXNativeTarget section */
		75F672C01E9F54E500DD31B5 /* MMCrashDefendDemo */ = {
			isa = PBXNativeTarget;
			buildConfigurationList = 75F672EE1E9F54E500DD31B5 /* Build configuration list for PBXNativeTarget "MMCrashDefendDemo" */;
			buildPhases = (
				75F672BD1E9F54E500DD31B5 /* Sources */,
				75F672BE1E9F54E500DD31B5 /* Frameworks */,
				75F672BF1E9F54E500DD31B5 /* Resources */,
			);
			buildRules = (
			);
			dependencies = (
			);
			name = MMCrashDefendDemo;
			productName = MMCrashDefendDemo;
			productReference = 75F672C11E9F54E500DD31B5 /* MMCrashDefendDemo.app */;
			productType = "com.apple.product-type.application";
		};
		75F672D91E9F54E500DD31B5 /* MMCrashDefendDemoTests */ = {
			isa = PBXNativeTarget;
			buildConfigurationList = 75F672F11E9F54E500DD31B5 /* Build configuration list for PBXNativeTarget "MMCrashDefendDemoTests" */;
			buildPhases = (
				75F672D61E9F54E500DD31B5 /* Sources */,
				75F672D71E9F54E500DD31B5 /* Frameworks */,
				75F672D81E9F54E500DD31B5 /* Resources */,
			);
			buildRules = (
			);
			dependencies = (
				75F672DC1E9F54E500DD31B5 /* PBXTargetDependency */,
			);
			name = MMCrashDefendDemoTests;
			productName = MMCrashDefendDemoTests;
			productReference = 75F672DA1E9F54E500DD31B5 /* MMCrashDefendDemoTests.xctest */;
			productType = "com.apple.product-type.bundle.unit-test";
		};
		75F672E41E9F54E500DD31B5 /* MMCrashDefendDemoUITests */ = {
			isa = PBXNativeTarget;
			buildConfigurationList = 75F672F41E9F54E500DD31B5 /* Build configuration list for PBXNativeTarget "MMCrashDefendDemoUITests" */;
			buildPhases = (
				75F672E11E9F54E500DD31B5 /* Sources */,
				75F672E21E9F54E500DD31B5 /* Frameworks */,
				75F672E31E9F54E500DD31B5 /* Resources */,
			);
			buildRules = (
			);
			dependencies = (
				75F672E71E9F54E500DD31B5 /* PBXTargetDependency */,
			);
			name = MMCrashDefendDemoUITests;
			productName = MMCrashDefendDemoUITests;
			productReference = 75F672E51E9F54E500DD31B5 /* MMCrashDefendDemoUITests.xctest */;
			productType = "com.apple.product-type.bundle.ui-testing";
		};
/* End PBXNativeTarget section */

/* Begin PBXProject section */
		75F672B91E9F54E500DD31B5 /* Project object */ = {
			isa = PBXProject;
			attributes = {
				LastUpgradeCheck = 0810;
				ORGANIZATIONNAME = wyy;
				TargetAttributes = {
					75F672C01E9F54E500DD31B5 = {
						CreatedOnToolsVersion = 8.1;
						DevelopmentTeam = 65Y8F76Y6Z;
						ProvisioningStyle = Automatic;
					};
					75F672D91E9F54E500DD31B5 = {
						CreatedOnToolsVersion = 8.1;
						DevelopmentTeam = 65Y8F76Y6Z;
						ProvisioningStyle = Automatic;
						TestTargetID = 75F672C01E9F54E500DD31B5;
					};
					75F672E41E9F54E500DD31B5 = {
						CreatedOnToolsVersion = 8.1;
						DevelopmentTeam = 65Y8F76Y6Z;
						ProvisioningStyle = Automatic;
						TestTargetID = 75F672C01E9F54E500DD31B5;
					};
				};
			};
			buildConfigurationList = 75F672BC1E9F54E500DD31B5 /* Build configuration list for PBXProject "MMCrashDefendDemo" */;
			compatibilityVersion = "Xcode 3.2";
			developmentRegion = English;
			hasScannedForEncodings = 0;
			knownRegions = (
				en,
				Base,
			);
			mainGroup = 75F672B81E9F54E500DD31B5;
			productRefGroup = 75F672C21E9F54E500DD31B5 /* Products */;
			projectDirPath = "";
			projectRoot = "";
			targets = (
				75F672C01E9F54E500DD31B5 /* MMCrashDefendDemo */,
				75F672D91E9F54E500DD31B5 /* MMCrashDefendDemoTests */,
				75F672E41E9F54E500DD31B5 /* MMCrashDefendDemoUITests */,
			);
		};
/* End PBXProject section */

/* Begin PBXResourcesBuildPhase section */
		75F672BF1E9F54E500DD31B5 /* Resources */ = {
			isa = PBXResourcesBuildPhase;
			buildActionMask = 2147483647;
			files = (
				75F672D41E9F54E500DD31B5 /* LaunchScreen.storyboard in Resources */,
				75F672D11E9F54E500DD31B5 /* Assets.xcassets in Resources */,
				75F672CF1E9F54E500DD31B5 /* Main.storyboard in Resources */,
			);
			runOnlyForDeploymentPostprocessing = 0;
		};
		75F672D81E9F54E500DD31B5 /* Resources */ = {
			isa = PBXResourcesBuildPhase;
			buildActionMask = 2147483647;
			files = (
			);
			runOnlyForDeploymentPostprocessing = 0;
		};
		75F672E31E9F54E500DD31B5 /* Resources */ = {
			isa = PBXResourcesBuildPhase;
			buildActionMask = 2147483647;
			files = (
			);
			runOnlyForDeploymentPostprocessing = 0;
		};
/* End PBXResourcesBuildPhase section */

/* Begin PBXSourcesBuildPhase section */
		75F672BD1E9F54E500DD31B5 /* Sources */ = {
			isa = PBXSourcesBuildPhase;
			buildActionMask = 2147483647;
			files = (
				75F672CC1E9F54E500DD31B5 /* ViewController.m in Sources */,
				75F672C91E9F54E500DD31B5 /* AppDelegate.m in Sources */,
				75F672C61E9F54E500DD31B5 /* main.m in Sources */,
				75F672F91E9F54F400DD31B5 /* NSObject+CrashDefend.m in Sources */,
			);
			runOnlyForDeploymentPostprocessing = 0;
		};
		75F672D61E9F54E500DD31B5 /* Sources */ = {
			isa = PBXSourcesBuildPhase;
			buildActionMask = 2147483647;
			files = (
				75F672DF1E9F54E500DD31B5 /* MMCrashDefendDemoTests.m in Sources */,
			);
			runOnlyForDeploymentPostprocessing = 0;
		};
		75F672E11E9F54E500DD31B5 /* Sources */ = {
			isa = PBXSourcesBuildPhase;
			buildActionMask = 2147483647;
			files = (
				75F672EA1E9F54E500DD31B5 /* MMCrashDefendDemoUITests.m in Sources */,
			);
			runOnlyForDeploymentPostprocessing = 0;
		};
/* End PBXSourcesBuildPhase section */

/* Begin PBXTargetDependency section */
		75F672DC1E9F54E500DD31B5 /* PBXTargetDependency */ = {
			isa = PBXTargetDependency;
			target = 75F672C01E9F54E500DD31B5 /* MMCrashDefendDemo */;
			targetProxy = 75F672DB1E9F54E500DD31B5 /* PBXContainerItemProxy */;
		};
		75F672E71E9F54E500DD31B5 /* PBXTargetDependency */ = {
			isa = PBXTargetDependency;
			target = 75F672C01E9F54E500DD31B5 /* MMCrashDefendDemo */;
			targetProxy = 75F672E61E9F54E500DD31B5 /* PBXContainerItemProxy */;
		};
/* End PBXTargetDependency section */

/* Begin PBXVariantGroup section */
		75F672CD1E9F54E500DD31B5 /* Main.storyboard */ = {
			isa = PBXVariantGroup;
			children = (
				75F672CE1E9F54E500DD31B5 /* Base */,
			);
			name = Main.storyboard;
			sourceTree = "<group>";
		};
		75F672D21E9F54E500DD31B5 /* LaunchScreen.storyboard */ = {
			isa = PBXVariantGroup;
			children = (
				75F672D31E9F54E500DD31B5 /* Base */,
			);
			name = LaunchScreen.storyboard;
			sourceTree = "<group>";
		};
/* End PBXVariantGroup section */

/* Begin XCBuildConfiguration section */
		75F672EC1E9F54E500DD31B5 /* Debug */ = {
			isa = XCBuildConfiguration;
			buildSettings = {
				ALWAYS_SEARCH_USER_PATHS = NO;
				CLANG_ANALYZER_NONNULL = YES;
				CLANG_CXX_LANGUAGE_STANDARD = "gnu++0x";
				CLANG_CXX_LIBRARY = "libc++";
				CLANG_ENABLE_MODULES = YES;
				CLANG_ENABLE_OBJC_ARC = YES;
				CLANG_WARN_BOOL_CONVERSION = YES;
				CLANG_WARN_CONSTANT_CONVERSION = YES;
				CLANG_WARN_DIRECT_OBJC_ISA_USAGE = YES_ERROR;
				CLANG_WARN_DOCUMENTATION_COMMENTS = YES;
				CLANG_WARN_EMPTY_BODY = YES;
				CLANG_WARN_ENUM_CONVERSION = YES;
				CLANG_WARN_INFINITE_RECURSION = YES;
				CLANG_WARN_INT_CONVERSION = YES;
				CLANG_WARN_OBJC_ROOT_CLASS = YES_ERROR;
				CLANG_WARN_SUSPICIOUS_MOVES = YES;
				CLANG_WARN_UNREACHABLE_CODE = YES;
				CLANG_WARN__DUPLICATE_METHOD_MATCH = YES;
				"CODE_SIGN_IDENTITY[sdk=iphoneos*]" = "iPhone Developer";
				COPY_PHASE_STRIP = NO;
				DEBUG_INFORMATION_FORMAT = dwarf;
				ENABLE_STRICT_OBJC_MSGSEND = YES;
				ENABLE_TESTABILITY = YES;
				GCC_C_LANGUAGE_STANDARD = gnu99;
				GCC_DYNAMIC_NO_PIC = NO;
				GCC_NO_COMMON_BLOCKS = YES;
				GCC_OPTIMIZATION_LEVEL = 0;
				GCC_PREPROCESSOR_DEFINITIONS = (
					"DEBUG=1",
					"$(inherited)",
				);
				GCC_WARN_64_TO_32_BIT_CONVERSION = YES;
				GCC_WARN_ABOUT_RETURN_TYPE = YES_ERROR;
				GCC_WARN_UNDECLARED_SELECTOR = YES;
				GCC_WARN_UNINITIALIZED_AUTOS = YES_AGGRESSIVE;
				GCC_WARN_UNUSED_FUNCTION = YES;
				GCC_WARN_UNUSED_VARIABLE = YES;
				IPHONEOS_DEPLOYMENT_TARGET = 10.1;
				MTL_ENABLE_DEBUG_INFO = YES;
				ONLY_ACTIVE_ARCH = YES;
				SDKROOT = iphoneos;
				TARGETED_DEVICE_FAMILY = "1,2";
			};
			name = Debug;
		};
		75F672ED1E9F54E500DD31B5 /* Release */ = {
			isa = XCBuildConfiguration;
			buildSettings = {
				ALWAYS_SEARCH_USER_PATHS = NO;
				CLANG_ANALYZER_NONNULL = YES;
				CLANG_CXX_LANGUAGE_STANDARD = "gnu++0x";
				CLANG_CXX_LIBRARY = "libc++";
				CLANG_ENABLE_MODULES = YES;
				CLANG_ENABLE_OBJC_ARC = YES;
				CLANG_WARN_BOOL_CONVERSION = YES;
				CLANG_WARN_CONSTANT_CONVERSION = YES;
				CLANG_WARN_DIRECT_OBJC_ISA_USAGE = YES_ERROR;
				CLANG_WARN_DOCUMENTATION_COMMENTS = YES;
				CLANG_WARN_EMPTY_BODY = YES;
				CLANG_WARN_ENUM_CONVERSION = YES;
				CLANG_WARN_INFINITE_RECURSION = YES;
				CLANG_WARN_INT_CONVERSION = YES;
				CLANG_WARN_OBJC_ROOT_CLASS = YES_ERROR;
				CLANG_WARN_SUSPICIOUS_MOVES = YES;
				CLANG_WARN_UNREACHABLE_CODE = YES;
				CLANG_WARN__DUPLICATE_METHOD_MATCH = YES;
				"CODE_SIGN_IDENTITY[sdk=iphoneos*]" = "iPhone Developer";
				COPY_PHASE_STRIP = NO;
				DEBUG_INFORMATION_FORMAT = "dwarf-with-dsym";
				ENABLE_NS_ASSERTIONS = NO;
				ENABLE_STRICT_OBJC_MSGSEND = YES;
				GCC_C_LANGUAGE_STANDARD = gnu99;
				GCC_NO_COMMON_BLOCKS = YES;
				GCC_WARN_64_TO_32_BIT_CONVERSION = YES;
				GCC_WARN_ABOUT_RETURN_TYPE = YES_ERROR;
				GCC_WARN_UNDECLARED_SELECTOR = YES;
				GCC_WARN_UNINITIALIZED_AUTOS = YES_AGGRESSIVE;
				GCC_WARN_UNUSED_FUNCTION = YES;
				GCC_WARN_UNUSED_VARIABLE = YES;
				IPHONEOS_DEPLOYMENT_TARGET = 10.1;
				MTL_ENABLE_DEBUG_INFO = NO;
				SDKROOT = iphoneos;
				TARGETED_DEVICE_FAMILY = "1,2";
				VALIDATE_PRODUCT = YES;
			};
			name = Release;
		};
		75F672EF1E9F54E500DD31B5 /* Debug */ = {
			isa = XCBuildConfiguration;
			buildSettings = {
				ASSETCATALOG_COMPILER_APPICON_NAME = AppIcon;
				DEVELOPMENT_TEAM = 65Y8F76Y6Z;
				INFOPLIST_FILE = MMCrashDefendDemo/Info.plist;
				LD_RUNPATH_SEARCH_PATHS = "$(inherited) @executable_path/Frameworks";
				PRODUCT_BUNDLE_IDENTIFIER = xw.MMCrashDefendDemo;
				PRODUCT_NAME = "$(TARGET_NAME)";
			};
			name = Debug;
		};
		75F672F01E9F54E500DD31B5 /* Release */ = {
			isa = XCBuildConfiguration;
			buildSettings = {
				ASSETCATALOG_COMPILER_APPICON_NAME = AppIcon;
				DEVELOPMENT_TEAM = 65Y8F76Y6Z;
				INFOPLIST_FILE = MMCrashDefendDemo/Info.plist;
				LD_RUNPATH_SEARCH_PATHS = "$(inherited) @executable_path/Frameworks";
				PRODUCT_BUNDLE_IDENTIFIER = xw.MMCrashDefendDemo;
				PRODUCT_NAME = "$(TARGET_NAME)";
			};
			name = Release;
		};
		75F672F21E9F54E500DD31B5 /* Debug */ = {
			isa = XCBuildConfiguration;
			buildSettings = {
				BUNDLE_LOADER = "$(TEST_HOST)";
				DEVELOPMENT_TEAM = 65Y8F76Y6Z;
				INFOPLIST_FILE = MMCrashDefendDemoTests/Info.plist;
				LD_RUNPATH_SEARCH_PATHS = "$(inherited) @executable_path/Frameworks @loader_path/Frameworks";
				PRODUCT_BUNDLE_IDENTIFIER = xw.MMCrashDefendDemoTests;
				PRODUCT_NAME = "$(TARGET_NAME)";
				TEST_HOST = "$(BUILT_PRODUCTS_DIR)/MMCrashDefendDemo.app/MMCrashDefendDemo";
			};
			name = Debug;
		};
		75F672F31E9F54E500DD31B5 /* Release */ = {
			isa = XCBuildConfiguration;
			buildSettings = {
				BUNDLE_LOADER = "$(TEST_HOST)";
				DEVELOPMENT_TEAM = 65Y8F76Y6Z;
				INFOPLIST_FILE = MMCrashDefendDemoTests/Info.plist;
				LD_RUNPATH_SEARCH_PATHS = "$(inherited) @executable_path/Frameworks @loader_path/Frameworks";
				PRODUCT_BUNDLE_IDENTIFIER = xw.MMCrashDefendDemoTests;
				PRODUCT_NAME = "$(TARGET_NAME)";
				TEST_HOST = "$(BUILT_PRODUCTS_DIR)/MMCrashDefendDemo.app/MMCrashDefendDemo";
			};
			name = Release;
		};
		75F672F51E9F54E500DD31B5 /* Debug */ = {
			isa = XCBuildConfiguration;
			buildSettings = {
				DEVELOPMENT_TEAM = 65Y8F76Y6Z;
				INFOPLIST_FILE = MMCrashDefendDemoUITests/Info.plist;
				LD_RUNPATH_SEARCH_PATHS = "$(inherited) @executable_path/Frameworks @loader_path/Frameworks";
				PRODUCT_BUNDLE_IDENTIFIER = xw.MMCrashDefendDemoUITests;
				PRODUCT_NAME = "$(TARGET_NAME)";
				TEST_TARGET_NAME = MMCrashDefendDemo;
			};
			name = Debug;
		};
		75F672F61E9F54E500DD31B5 /* Release */ = {
			isa = XCBuildConfiguration;
			buildSettings = {
				DEVELOPMENT_TEAM = 65Y8F76Y6Z;
				INFOPLIST_FILE = MMCrashDefendDemoUITests/Info.plist;
				LD_RUNPATH_SEARCH_PATHS = "$(inherited) @executable_path/Frameworks @loader_path/Frameworks";
				PRODUCT_BUNDLE_IDENTIFIER = xw.MMCrashDefendDemoUITests;
				PRODUCT_NAME = "$(TARGET_NAME)";
				TEST_TARGET_NAME = MMCrashDefendDemo;
			};
			name = Release;
		};
/* End XCBuildConfiguration section */

/* Begin XCConfigurationList section */
		75F672BC1E9F54E500DD31B5 /* Build configuration list for PBXProject "MMCrashDefendDemo" */ = {
			isa = XCConfigurationList;
			buildConfigurations = (
				75F672EC1E9F54E500DD31B5 /* Debug */,
				75F672ED1E9F54E500DD31B5 /* Release */,
			);
			defaultConfigurationIsVisible = 0;
			defaultConfigurationName = Release;
		};
		75F672EE1E9F54E500DD31B5 /* Build configuration list for PBXNativeTarget "MMCrashDefendDemo" */ = {
			isa = XCConfigurationList;
			buildConfigurations = (
				75F672EF1E9F54E500DD31B5 /* Debug */,
				75F672F01E9F54E500DD31B5 /* Release */,
			);
			defaultConfigurationIsVisible = 0;
			defaultConfigurationName = Release;
		};
		75F672F11E9F54E500DD31B5 /* Build configuration list for PBXNativeTarget "MMCrashDefendDemoTests" */ = {
			isa = XCConfigurationList;
			buildConfigurations = (
				75F672F21E9F54E500DD31B5 /* Debug */,
				75F672F31E9F54E500DD31B5 /* Release */,
			);
			defaultConfigurationIsVisible = 0;
			defaultConfigurationName = Release;
		};
		75F672F41E9F54E500DD31B5 /* Build configuration list for PBXNativeTarget "MMCrashDefendDemoUITests" */ = {
			isa = XCConfigurationList;
			buildConfigurations = (
				75F672F51E9F54E500DD31B5 /* Debug */,
				75F672F61E9F54E500DD31B5 /* Release */,
			);
			defaultConfigurationIsVisible = 0;
			defaultConfigurationName = Release;
		};
/* End XCConfigurationList section */
	};
	rootObject = 75F672B91E9F54E500DD31B5 /* Project object */;
}
