// !$*UTF8*$!
{
	archiveVersion = 1;
	classes = {
	};
	objectVersion = 46;
	objects = {

/* Begin PBXBuildFile section */
		031F821B1E9E0A3E00E7D1EA /* main.m in Sources */ = {isa = PBXBuildFile; fileRef = 031F821A1E9E0A3E00E7D1EA /* main.m */; };
		031F821E1E9E0A3E00E7D1EA /* AppDelegate.m in Sources */ = {isa = PBXBuildFile; fileRef = 031F821D1E9E0A3E00E7D1EA /* AppDelegate.m */; };
		031F82211E9E0A3E00E7D1EA /* ViewController.m in Sources */ = {isa = PBXBuildFile; fileRef = 031F82201E9E0A3E00E7D1EA /* ViewController.m */; };
		031F82241E9E0A3E00E7D1EA /* Main.storyboard in Resources */ = {isa = PBXBuildFile; fileRef = 031F82221E9E0A3E00E7D1EA /* Main.storyboard */; };
		031F82261E9E0A3E00E7D1EA /* Assets.xcassets in Resources */ = {isa = PBXBuildFile; fileRef = 031F82251E9E0A3E00E7D1EA /* Assets.xcassets */; };
		031F82291E9E0A3E00E7D1EA /* LaunchScreen.storyboard in Resources */ = {isa = PBXBuildFile; fileRef = 031F82271E9E0A3E00E7D1EA /* LaunchScreen.storyboard */; };
		031F82351E9E246F00E7D1EA /* XRTUncaughtExceptionHandler.m in Sources */ = {isa = PBXBuildFile; fileRef = 031F82341E9E246F00E7D1EA /* XRTUncaughtExceptionHandler.m */; };
		756569A51EB975F700A80466 /* XRTFileManager.m in Sources */ = {isa = PBXBuildFile; fileRef = 756569A41EB975F700A80466 /* XRTFileManager.m */; };
/* End PBXBuildFile section */

/* Begin PBXFileReference section */
		031F82161E9E0A3E00E7D1EA /* SignDemo.app */ = {isa = PBXFileReference; explicitFileType = wrapper.application; includeInIndex = 0; path = SignDemo.app; sourceTree = BUILT_PRODUCTS_DIR; };
		031F821A1E9E0A3E00E7D1EA /* main.m */ = {isa = PBXFileReference; lastKnownFileType = sourcecode.c.objc; path = main.m; sourceTree = "<group>"; };
		031F821C1E9E0A3E00E7D1EA /* AppDelegate.h */ = {isa = PBXFileReference; lastKnownFileType = sourcecode.c.h; path = AppDelegate.h; sourceTree = "<group>"; };
		031F821D1E9E0A3E00E7D1EA /* AppDelegate.m */ = {isa = PBXFileReference; lastKnownFileType = sourcecode.c.objc; path = AppDelegate.m; sourceTree = "<group>"; };
		031F821F1E9E0A3E00E7D1EA /* ViewController.h */ = {isa = PBXFileReference; lastKnownFileType = sourcecode.c.h; path = ViewController.h; sourceTree = "<group>"; };
		031F82201E9E0A3E00E7D1EA /* ViewController.m */ = {isa = PBXFileReference; lastKnownFileType = sourcecode.c.objc; path = ViewController.m; sourceTree = "<group>"; };
		031F82231E9E0A3E00E7D1EA /* Base */ = {isa = PBXFileReference; lastKnownFileType = file.storyboard; name = Base; path = Base.lproj/Main.storyboard; sourceTree = "<group>"; };
		031F82251E9E0A3E00E7D1EA /* Assets.xcassets */ = {isa = PBXFileReference; lastKnownFileType = folder.assetcatalog; path = Assets.xcassets; sourceTree = "<group>"; };
		031F82281E9E0A3E00E7D1EA /* Base */ = {isa = PBXFileReference; lastKnownFileType = file.storyboard; name = Base; path = Base.lproj/LaunchScreen.storyboard; sourceTree = "<group>"; };
		031F822A1E9E0A3E00E7D1EA /* Info.plist */ = {isa = PBXFileReference; lastKnownFileType = text.plist.xml; path = Info.plist; sourceTree = "<group>"; };
		031F82331E9E246F00E7D1EA /* XRTUncaughtExceptionHandler.h */ = {isa = PBXFileReference; fileEncoding = 4; lastKnownFileType = sourcecode.c.h; path = XRTUncaughtExceptionHandler.h; sourceTree = "<group>"; };
		031F82341E9E246F00E7D1EA /* XRTUncaughtExceptionHandler.m */ = {isa = PBXFileReference; fileEncoding = 4; lastKnownFileType = sourcecode.c.objc; path = XRTUncaughtExceptionHandler.m; sourceTree = "<group>"; };
		756569A31EB975F700A80466 /* XRTFileManager.h */ = {isa = PBXFileReference; fileEncoding = 4; lastKnownFileType = sourcecode.c.h; path = XRTFileManager.h; sourceTree = "<group>"; };
		756569A41EB975F700A80466 /* XRTFileManager.m */ = {isa = PBXFileReference; fileEncoding = 4; lastKnownFileType = sourcecode.c.objc; path = XRTFileManager.m; sourceTree = "<group>"; };
/* End PBXFileReference section */

/* Begin PBXFrameworksBuildPhase section */
		031F82131E9E0A3E00E7D1EA /* Frameworks */ = {
			isa = PBXFrameworksBuildPhase;
			buildActionMask = 2147483647;
			files = (
			);
			runOnlyForDeploymentPostprocessing = 0;
		};
/* End PBXFrameworksBuildPhase section */

/* Begin PBXGroup section */
		031F820D1E9E0A3E00E7D1EA = {
			isa = PBXGroup;
			children = (
				031F82181E9E0A3E00E7D1EA /* SignDemo */,
				031F82171E9E0A3E00E7D1EA /* Products */,
			);
			sourceTree = "<group>";
		};
		031F82171E9E0A3E00E7D1EA /* Products */ = {
			isa = PBXGroup;
			children = (
				031F82161E9E0A3E00E7D1EA /* SignDemo.app */,
			);
			name = Products;
			sourceTree = "<group>";
		};
		031F82181E9E0A3E00E7D1EA /* SignDemo */ = {
			isa = PBXGroup;
			children = (
				031F821C1E9E0A3E00E7D1EA /* AppDelegate.h */,
				031F821D1E9E0A3E00E7D1EA /* AppDelegate.m */,
				031F821F1E9E0A3E00E7D1EA /* ViewController.h */,
				031F82201E9E0A3E00E7D1EA /* ViewController.m */,
				031F82221E9E0A3E00E7D1EA /* Main.storyboard */,
				031F82251E9E0A3E00E7D1EA /* Assets.xcassets */,
				031F82271E9E0A3E00E7D1EA /* LaunchScreen.storyboard */,
				031F822A1E9E0A3E00E7D1EA /* Info.plist */,
				031F82191E9E0A3E00E7D1EA /* Supporting Files */,
				031F82331E9E246F00E7D1EA /* XRTUncaughtExceptionHandler.h */,
				031F82341E9E246F00E7D1EA /* XRTUncaughtExceptionHandler.m */,
				756569A31EB975F700A80466 /* XRTFileManager.h */,
				756569A41EB975F700A80466 /* XRTFileManager.m */,
			);
			path = SignDemo;
			sourceTree = "<group>";
		};
		031F82191E9E0A3E00E7D1EA /* Supporting Files */ = {
			isa = PBXGroup;
			children = (
				031F821A1E9E0A3E00E7D1EA /* main.m */,
			);
			name = "Supporting Files";
			sourceTree = "<group>";
		};
/* End PBXGroup section */

/* Begin PBXNativeTarget section */
		031F82151E9E0A3E00E7D1EA /* SignDemo */ = {
			isa = PBXNativeTarget;
			buildConfigurationList = 031F822D1E9E0A3E00E7D1EA /* Build configuration list for PBXNativeTarget "SignDemo" */;
			buildPhases = (
				031F82121E9E0A3E00E7D1EA /* Sources */,
				031F82131E9E0A3E00E7D1EA /* Frameworks */,
				031F82141E9E0A3E00E7D1EA /* Resources */,
			);
			buildRules = (
			);
			dependencies = (
			);
			name = SignDemo;
			productName = SignDemo;
			productReference = 031F82161E9E0A3E00E7D1EA /* SignDemo.app */;
			productType = "com.apple.product-type.application";
		};
/* End PBXNativeTarget section */

/* Begin PBXProject section */
		031F820E1E9E0A3E00E7D1EA /* Project object */ = {
			isa = PBXProject;
			attributes = {
				LastUpgradeCheck = 0820;
				ORGANIZATIONNAME = hubei;
				TargetAttributes = {
					031F82151E9E0A3E00E7D1EA = {
						CreatedOnToolsVersion = 8.2.1;
						DevelopmentTeam = 5S4L29TXXC;
						ProvisioningStyle = Automatic;
					};
				};
			};
			buildConfigurationList = 031F82111E9E0A3E00E7D1EA /* Build configuration list for PBXProject "SignDemo" */;
			compatibilityVersion = "Xcode 3.2";
			developmentRegion = English;
			hasScannedForEncodings = 0;
			knownRegions = (
				en,
				Base,
			);
			mainGroup = 031F820D1E9E0A3E00E7D1EA;
			productRefGroup = 031F82171E9E0A3E00E7D1EA /* Products */;
			projectDirPath = "";
			projectRoot = "";
			targets = (
				031F82151E9E0A3E00E7D1EA /* SignDemo */,
			);
		};
/* End PBXProject section */

/* Begin PBXResourcesBuildPhase section */
		031F82141E9E0A3E00E7D1EA /* Resources */ = {
			isa = PBXResourcesBuildPhase;
			buildActionMask = 2147483647;
			files = (
				031F82291E9E0A3E00E7D1EA /* LaunchScreen.storyboard in Resources */,
				031F82261E9E0A3E00E7D1EA /* Assets.xcassets in Resources */,
				031F82241E9E0A3E00E7D1EA /* Main.storyboard in Resources */,
			);
			runOnlyForDeploymentPostprocessing = 0;
		};
/* End PBXResourcesBuildPhase section */

/* Begin PBXSourcesBuildPhase section */
		031F82121E9E0A3E00E7D1EA /* Sources */ = {
			isa = PBXSourcesBuildPhase;
			buildActionMask = 2147483647;
			files = (
				031F82211E9E0A3E00E7D1EA /* ViewController.m in Sources */,
				031F82351E9E246F00E7D1EA /* XRTUncaughtExceptionHandler.m in Sources */,
				031F821E1E9E0A3E00E7D1EA /* AppDelegate.m in Sources */,
				756569A51EB975F700A80466 /* XRTFileManager.m in Sources */,
				031F821B1E9E0A3E00E7D1EA /* main.m in Sources */,
			);
			runOnlyForDeploymentPostprocessing = 0;
		};
/* End PBXSourcesBuildPhase section */

/* Begin PBXVariantGroup section */
		031F82221E9E0A3E00E7D1EA /* Main.storyboard */ = {
			isa = PBXVariantGroup;
			children = (
				031F82231E9E0A3E00E7D1EA /* Base */,
			);
			name = Main.storyboard;
			sourceTree = "<group>";
		};
		031F82271E9E0A3E00E7D1EA /* LaunchScreen.storyboard */ = {
			isa = PBXVariantGroup;
			children = (
				031F82281E9E0A3E00E7D1EA /* Base */,
			);
			name = LaunchScreen.storyboard;
			sourceTree = "<group>";
		};
/* End PBXVariantGroup section */

/* Begin XCBuildConfiguration section */
		031F822B1E9E0A3E00E7D1EA /* Debug */ = {
			isa = XCBuildConfiguration;
			buildSettings = {
				ALWAYS_SEARCH_USER_PATHS = NO;
				CLANG_ANALYZER_NONNULL = YES;
				CLANG_CXX_LANGUAGE_STANDARD = "gnu++0x";
				CLANG_CXX_LIBRARY = "libc++";
				CLANG_ENABLE_MODULES = YES;
				CLANG_ENABLE_OBJC_ARC = YES;
				CLANG_WARN_BOOL_CONVERSION = YES;
				CLANG_WARN_CONSTANT_CONVERSION = YES;
				CLANG_WARN_DIRECT_OBJC_ISA_USAGE = YES_ERROR;
				CLANG_WARN_DOCUMENTATION_COMMENTS = YES;
				CLANG_WARN_EMPTY_BODY = YES;
				CLANG_WARN_ENUM_CONVERSION = YES;
				CLANG_WARN_INFINITE_RECURSION = YES;
				CLANG_WARN_INT_CONVERSION = YES;
				CLANG_WARN_OBJC_ROOT_CLASS = YES_ERROR;
				CLANG_WARN_SUSPICIOUS_MOVE = YES;
				CLANG_WARN_UNREACHABLE_CODE = YES;
				CLANG_WARN__DUPLICATE_METHOD_MATCH = YES;
				"CODE_SIGN_IDENTITY[sdk=iphoneos*]" = "iPhone Developer";
				COPY_PHASE_STRIP = NO;
				DEBUG_INFORMATION_FORMAT = dwarf;
				ENABLE_STRICT_OBJC_MSGSEND = YES;
				ENABLE_TESTABILITY = YES;
				GCC_C_LANGUAGE_STANDARD = gnu99;
				GCC_DYNAMIC_NO_PIC = NO;
				GCC_NO_COMMON_BLOCKS = YES;
				GCC_OPTIMIZATION_LEVEL = 0;
				GCC_PREPROCESSOR_DEFINITIONS = (
					"DEBUG=1",
					"$(inherited)",
				);
				GCC_WARN_64_TO_32_BIT_CONVERSION = YES;
				GCC_WARN_ABOUT_RETURN_TYPE = YES_ERROR;
				GCC_WARN_UNDECLARED_SELECTOR = YES;
				GCC_WARN_UNINITIALIZED_AUTOS = YES_AGGRESSIVE;
				GCC_WARN_UNUSED_FUNCTION = YES;
				GCC_WARN_UNUSED_VARIABLE = YES;
				IPHONEOS_DEPLOYMENT_TARGET = 10.2;
				MTL_ENABLE_DEBUG_INFO = YES;
				ONLY_ACTIVE_ARCH = YES;
				SDKROOT = iphoneos;
			};
			name = Debug;
		};
		031F822C1E9E0A3E00E7D1EA /* Release */ = {
			isa = XCBuildConfiguration;
			buildSettings = {
				ALWAYS_SEARCH_USER_PATHS = NO;
				CLANG_ANALYZER_NONNULL = YES;
				CLANG_CXX_LANGUAGE_STANDARD = "gnu++0x";
				CLANG_CXX_LIBRARY = "libc++";
				CLANG_ENABLE_MODULES = YES;
				CLANG_ENABLE_OBJC_ARC = YES;
				CLANG_WARN_BOOL_CONVERSION = YES;
				CLANG_WARN_CONSTANT_CONVERSION = YES;
				CLANG_WARN_DIRECT_OBJC_ISA_USAGE = YES_ERROR;
				CLANG_WARN_DOCUMENTATION_COMMENTS = YES;
				CLANG_WARN_EMPTY_BODY = YES;
				CLANG_WARN_ENUM_CONVERSION = YES;
				CLANG_WARN_INFINITE_RECURSION = YES;
				CLANG_WARN_INT_CONVERSION = YES;
				CLANG_WARN_OBJC_ROOT_CLASS = YES_ERROR;
				CLANG_WARN_SUSPICIOUS_MOVE = YES;
				CLANG_WARN_UNREACHABLE_CODE = YES;
				CLANG_WARN__DUPLICATE_METHOD_MATCH = YES;
				"CODE_SIGN_IDENTITY[sdk=iphoneos*]" = "iPhone Developer";
				COPY_PHASE_STRIP = NO;
				DEBUG_INFORMATION_FORMAT = "dwarf-with-dsym";
				ENABLE_NS_ASSERTIONS = NO;
				ENABLE_STRICT_OBJC_MSGSEND = YES;
				GCC_C_LANGUAGE_STANDARD = gnu99;
				GCC_NO_COMMON_BLOCKS = YES;
				GCC_WARN_64_TO_32_BIT_CONVERSION = YES;
				GCC_WARN_ABOUT_RETURN_TYPE = YES_ERROR;
				GCC_WARN_UNDECLARED_SELECTOR = YES;
				GCC_WARN_UNINITIALIZED_AUTOS = YES_AGGRESSIVE;
				GCC_WARN_UNUSED_FUNCTION = YES;
				GCC_WARN_UNUSED_VARIABLE = YES;
				IPHONEOS_DEPLOYMENT_TARGET = 10.2;
				MTL_ENABLE_DEBUG_INFO = NO;
				SDKROOT = iphoneos;
				VALIDATE_PRODUCT = YES;
			};
			name = Release;
		};
		031F822E1E9E0A3E00E7D1EA /* Debug */ = {
			isa = XCBuildConfiguration;
			buildSettings = {
				ASSETCATALOG_COMPILER_APPICON_NAME = AppIcon;
				DEVELOPMENT_TEAM = 5S4L29TXXC;
				INFOPLIST_FILE = SignDemo/Info.plist;
				IPHONEOS_DEPLOYMENT_TARGET = 9.3;
				LD_RUNPATH_SEARCH_PATHS = "$(inherited) @executable_path/Frameworks";
				PRODUCT_BUNDLE_IDENTIFIER = xt.SignDemo;
				PRODUCT_NAME = "$(TARGET_NAME)";
			};
			name = Debug;
		};
		031F822F1E9E0A3E00E7D1EA /* Release */ = {
			isa = XCBuildConfiguration;
			buildSettings = {
				ASSETCATALOG_COMPILER_APPICON_NAME = AppIcon;
				DEVELOPMENT_TEAM = 5S4L29TXXC;
				INFOPLIST_FILE = SignDemo/Info.plist;
				IPHONEOS_DEPLOYMENT_TARGET = 9.3;
				LD_RUNPATH_SEARCH_PATHS = "$(inherited) @executable_path/Frameworks";
				PRODUCT_BUNDLE_IDENTIFIER = xt.SignDemo;
				PRODUCT_NAME = "$(TARGET_NAME)";
			};
			name = Release;
		};
/* End XCBuildConfiguration section */

/* Begin XCConfigurationList section */
		031F82111E9E0A3E00E7D1EA /* Build configuration list for PBXProject "SignDemo" */ = {
			isa = XCConfigurationList;
			buildConfigurations = (
				031F822B1E9E0A3E00E7D1EA /* Debug */,
				031F822C1E9E0A3E00E7D1EA /* Release */,
			);
			defaultConfigurationIsVisible = 0;
			defaultConfigurationName = Release;
		};
		031F822D1E9E0A3E00E7D1EA /* Build configuration list for PBXNativeTarget "SignDemo" */ = {
			isa = XCConfigurationList;
			buildConfigurations = (
				031F822E1E9E0A3E00E7D1EA /* Debug */,
				031F822F1E9E0A3E00E7D1EA /* Release */,
			);
			defaultConfigurationIsVisible = 0;
			defaultConfigurationName = Release;
		};
/* End XCConfigurationList section */
	};
	rootObject = 031F820E1E9E0A3E00E7D1EA /* Project object */;
}
